// !$*UTF8*$!
{
	archiveVersion = 1;
	classes = {
	};
	objectVersion = 51;
	objects = {

/* Begin PBXBuildFile section */
		46BD233FD8AEEB0881B33C45 /* Pods_YellowHouse_YellowHouseUITests.framework in Frameworks */ = {isa = PBXBuildFile; fileRef = A81C93B2D96F8BA62285B961 /* Pods_YellowHouse_YellowHouseUITests.framework */; };
		80166EA424C25F6B00EDD732 /* NoImagePostCell.m in Sources */ = {isa = PBXBuildFile; fileRef = 80166EA324C25F6B00EDD732 /* NoImagePostCell.m */; };
		80166EA724C2897000EDD732 /* AccountProfileViewController.m in Sources */ = {isa = PBXBuildFile; fileRef = 80166EA624C2897000EDD732 /* AccountProfileViewController.m */; };
		801DF1C424CF445C000DB9AD /* DiscoverViewController.m in Sources */ = {isa = PBXBuildFile; fileRef = 801DF1C324CF445C000DB9AD /* DiscoverViewController.m */; };
		801DF1C724CF4A6C000DB9AD /* AccountCell.m in Sources */ = {isa = PBXBuildFile; fileRef = 801DF1C624CF4A6C000DB9AD /* AccountCell.m */; };
		802CA9A124C1018900C59ACC /* UserProfileViewController.m in Sources */ = {isa = PBXBuildFile; fileRef = 802CA9A024C1018900C59ACC /* UserProfileViewController.m */; };
		802CA9A424C10A5900C59ACC /* SettingsViewController.m in Sources */ = {isa = PBXBuildFile; fileRef = 802CA9A324C10A5900C59ACC /* SettingsViewController.m */; };
		8083221424BE299800734319 /* CreatePostViewController.m in Sources */ = {isa = PBXBuildFile; fileRef = 8083221324BE299800734319 /* CreatePostViewController.m */; };
		8083221724BE37F200734319 /* Post.m in Sources */ = {isa = PBXBuildFile; fileRef = 8083221624BE37F200734319 /* Post.m */; };
		8083221A24BE722600734319 /* PostCell.m in Sources */ = {isa = PBXBuildFile; fileRef = 8083221924BE722600734319 /* PostCell.m */; };
		808D138824BCDEC7000EF2E9 /* AppDelegate.m in Sources */ = {isa = PBXBuildFile; fileRef = 808D138724BCDEC7000EF2E9 /* AppDelegate.m */; };
		808D138B24BCDEC7000EF2E9 /* SceneDelegate.m in Sources */ = {isa = PBXBuildFile; fileRef = 808D138A24BCDEC7000EF2E9 /* SceneDelegate.m */; };
		808D139124BCDEC7000EF2E9 /* Main.storyboard in Resources */ = {isa = PBXBuildFile; fileRef = 808D138F24BCDEC7000EF2E9 /* Main.storyboard */; };
		808D139324BCDEC7000EF2E9 /* Assets.xcassets in Resources */ = {isa = PBXBuildFile; fileRef = 808D139224BCDEC7000EF2E9 /* Assets.xcassets */; };
		808D139624BCDEC7000EF2E9 /* LaunchScreen.storyboard in Resources */ = {isa = PBXBuildFile; fileRef = 808D139424BCDEC7000EF2E9 /* LaunchScreen.storyboard */; };
		808D139924BCDEC7000EF2E9 /* main.m in Sources */ = {isa = PBXBuildFile; fileRef = 808D139824BCDEC7000EF2E9 /* main.m */; };
		808D13A324BCDEC7000EF2E9 /* YellowHouseTests.m in Sources */ = {isa = PBXBuildFile; fileRef = 808D13A224BCDEC7000EF2E9 /* YellowHouseTests.m */; };
		808D13AE24BCDEC7000EF2E9 /* YellowHouseUITests.m in Sources */ = {isa = PBXBuildFile; fileRef = 808D13AD24BCDEC7000EF2E9 /* YellowHouseUITests.m */; };
		808D13C024BCE3DF000EF2E9 /* LoginViewController.m in Sources */ = {isa = PBXBuildFile; fileRef = 808D13BF24BCE3DF000EF2E9 /* LoginViewController.m */; };
		808D13C324BCE3EE000EF2E9 /* SignUpViewController.m in Sources */ = {isa = PBXBuildFile; fileRef = 808D13C224BCE3EE000EF2E9 /* SignUpViewController.m */; };
		808D13C624BD010E000EF2E9 /* Utilities.m in Sources */ = {isa = PBXBuildFile; fileRef = 808D13C524BD010E000EF2E9 /* Utilities.m */; };
		808D13C924BD12F5000EF2E9 /* HomeFeedViewController.m in Sources */ = {isa = PBXBuildFile; fileRef = 808D13C824BD12F5000EF2E9 /* HomeFeedViewController.m */; };
		809881F924C796E100272950 /* MapKit.framework in Frameworks */ = {isa = PBXBuildFile; fileRef = 809881F824C796E100272950 /* MapKit.framework */; };
		809881FC24C7987A00272950 /* MapViewController.m in Sources */ = {isa = PBXBuildFile; fileRef = 809881FB24C7987A00272950 /* MapViewController.m */; };
		809881FF24C7A0AD00272950 /* LocationViewController.m in Sources */ = {isa = PBXBuildFile; fileRef = 809881FE24C7A0AD00272950 /* LocationViewController.m */; };
		8098820224C7A3DB00272950 /* LocationCell.m in Sources */ = {isa = PBXBuildFile; fileRef = 8098820124C7A3DB00272950 /* LocationCell.m */; };
		809E85E324C60C4200E06A47 /* PostDetailsViewController.m in Sources */ = {isa = PBXBuildFile; fileRef = 809E85E224C60C4200E06A47 /* PostDetailsViewController.m */; };
		80AEFF4324BF9FB300F25B4E /* SellPost.m in Sources */ = {isa = PBXBuildFile; fileRef = 80AEFF4224BF9FB300F25B4E /* SellPost.m */; };
		93BF1B6D9EB5A12EB85FF952 /* Pods_YellowHouseTests.framework in Frameworks */ = {isa = PBXBuildFile; fileRef = C7ED869714FDEE97EFDCEB90 /* Pods_YellowHouseTests.framework */; };
		E0313B31E1B0F3BEC08CF78E /* Pods_YellowHouse.framework in Frameworks */ = {isa = PBXBuildFile; fileRef = 09F047A70D899226A23A84E8 /* Pods_YellowHouse.framework */; };
/* End PBXBuildFile section */

/* Begin PBXContainerItemProxy section */
		808D139F24BCDEC7000EF2E9 /* PBXContainerItemProxy */ = {
			isa = PBXContainerItemProxy;
			containerPortal = 808D137B24BCDEC7000EF2E9 /* Project object */;
			proxyType = 1;
			remoteGlobalIDString = 808D138224BCDEC7000EF2E9;
			remoteInfo = YellowHouse;
		};
		808D13AA24BCDEC7000EF2E9 /* PBXContainerItemProxy */ = {
			isa = PBXContainerItemProxy;
			containerPortal = 808D137B24BCDEC7000EF2E9 /* Project object */;
			proxyType = 1;
			remoteGlobalIDString = 808D138224BCDEC7000EF2E9;
			remoteInfo = YellowHouse;
		};
/* End PBXContainerItemProxy section */

/* Begin PBXFileReference section */
		09F047A70D899226A23A84E8 /* Pods_YellowHouse.framework */ = {isa = PBXFileReference; explicitFileType = wrapper.framework; includeInIndex = 0; path = Pods_YellowHouse.framework; sourceTree = BUILT_PRODUCTS_DIR; };
		1533CC7DEF058A25E406AC39 /* Pods-YellowHouseTests.debug.xcconfig */ = {isa = PBXFileReference; includeInIndex = 1; lastKnownFileType = text.xcconfig; name = "Pods-YellowHouseTests.debug.xcconfig"; path = "Target Support Files/Pods-YellowHouseTests/Pods-YellowHouseTests.debug.xcconfig"; sourceTree = "<group>"; };
		2D3D7C7884EAA23041A17731 /* Pods-YellowHouseTests.release.xcconfig */ = {isa = PBXFileReference; includeInIndex = 1; lastKnownFileType = text.xcconfig; name = "Pods-YellowHouseTests.release.xcconfig"; path = "Target Support Files/Pods-YellowHouseTests/Pods-YellowHouseTests.release.xcconfig"; sourceTree = "<group>"; };
		4FB7B5AA6C5FDC09DF2DAFE3 /* Pods-YellowHouse.debug.xcconfig */ = {isa = PBXFileReference; includeInIndex = 1; lastKnownFileType = text.xcconfig; name = "Pods-YellowHouse.debug.xcconfig"; path = "Target Support Files/Pods-YellowHouse/Pods-YellowHouse.debug.xcconfig"; sourceTree = "<group>"; };
		571A268632196943F789506B /* Pods-YellowHouse-YellowHouseUITests.debug.xcconfig */ = {isa = PBXFileReference; includeInIndex = 1; lastKnownFileType = text.xcconfig; name = "Pods-YellowHouse-YellowHouseUITests.debug.xcconfig"; path = "Target Support Files/Pods-YellowHouse-YellowHouseUITests/Pods-YellowHouse-YellowHouseUITests.debug.xcconfig"; sourceTree = "<group>"; };
		80166EA224C25F6B00EDD732 /* NoImagePostCell.h */ = {isa = PBXFileReference; lastKnownFileType = sourcecode.c.h; path = NoImagePostCell.h; sourceTree = "<group>"; };
		80166EA324C25F6B00EDD732 /* NoImagePostCell.m */ = {isa = PBXFileReference; lastKnownFileType = sourcecode.c.objc; path = NoImagePostCell.m; sourceTree = "<group>"; };
		80166EA524C2897000EDD732 /* AccountProfileViewController.h */ = {isa = PBXFileReference; lastKnownFileType = sourcecode.c.h; path = AccountProfileViewController.h; sourceTree = "<group>"; };
		80166EA624C2897000EDD732 /* AccountProfileViewController.m */ = {isa = PBXFileReference; lastKnownFileType = sourcecode.c.objc; path = AccountProfileViewController.m; sourceTree = "<group>"; };
		801DF1C224CF445C000DB9AD /* DiscoverViewController.h */ = {isa = PBXFileReference; lastKnownFileType = sourcecode.c.h; path = DiscoverViewController.h; sourceTree = "<group>"; };
		801DF1C324CF445C000DB9AD /* DiscoverViewController.m */ = {isa = PBXFileReference; lastKnownFileType = sourcecode.c.objc; path = DiscoverViewController.m; sourceTree = "<group>"; };
		801DF1C524CF4A6C000DB9AD /* AccountCell.h */ = {isa = PBXFileReference; lastKnownFileType = sourcecode.c.h; path = AccountCell.h; sourceTree = "<group>"; };
		801DF1C624CF4A6C000DB9AD /* AccountCell.m */ = {isa = PBXFileReference; lastKnownFileType = sourcecode.c.objc; path = AccountCell.m; sourceTree = "<group>"; };
		802CA99F24C1018900C59ACC /* UserProfileViewController.h */ = {isa = PBXFileReference; lastKnownFileType = sourcecode.c.h; path = UserProfileViewController.h; sourceTree = "<group>"; };
		802CA9A024C1018900C59ACC /* UserProfileViewController.m */ = {isa = PBXFileReference; lastKnownFileType = sourcecode.c.objc; path = UserProfileViewController.m; sourceTree = "<group>"; };
		802CA9A224C10A5900C59ACC /* SettingsViewController.h */ = {isa = PBXFileReference; lastKnownFileType = sourcecode.c.h; path = SettingsViewController.h; sourceTree = "<group>"; };
		802CA9A324C10A5900C59ACC /* SettingsViewController.m */ = {isa = PBXFileReference; lastKnownFileType = sourcecode.c.objc; path = SettingsViewController.m; sourceTree = "<group>"; };
		8083221224BE299800734319 /* CreatePostViewController.h */ = {isa = PBXFileReference; lastKnownFileType = sourcecode.c.h; path = CreatePostViewController.h; sourceTree = "<group>"; };
		8083221324BE299800734319 /* CreatePostViewController.m */ = {isa = PBXFileReference; lastKnownFileType = sourcecode.c.objc; path = CreatePostViewController.m; sourceTree = "<group>"; };
		8083221524BE37F200734319 /* Post.h */ = {isa = PBXFileReference; lastKnownFileType = sourcecode.c.h; path = Post.h; sourceTree = "<group>"; };
		8083221624BE37F200734319 /* Post.m */ = {isa = PBXFileReference; lastKnownFileType = sourcecode.c.objc; path = Post.m; sourceTree = "<group>"; };
		8083221824BE722600734319 /* PostCell.h */ = {isa = PBXFileReference; lastKnownFileType = sourcecode.c.h; path = PostCell.h; sourceTree = "<group>"; };
		8083221924BE722600734319 /* PostCell.m */ = {isa = PBXFileReference; lastKnownFileType = sourcecode.c.objc; path = PostCell.m; sourceTree = "<group>"; };
		808D138324BCDEC7000EF2E9 /* YellowHouse.app */ = {isa = PBXFileReference; explicitFileType = wrapper.application; includeInIndex = 0; path = YellowHouse.app; sourceTree = BUILT_PRODUCTS_DIR; };
		808D138624BCDEC7000EF2E9 /* AppDelegate.h */ = {isa = PBXFileReference; lastKnownFileType = sourcecode.c.h; path = AppDelegate.h; sourceTree = "<group>"; };
		808D138724BCDEC7000EF2E9 /* AppDelegate.m */ = {isa = PBXFileReference; lastKnownFileType = sourcecode.c.objc; path = AppDelegate.m; sourceTree = "<group>"; };
		808D138924BCDEC7000EF2E9 /* SceneDelegate.h */ = {isa = PBXFileReference; lastKnownFileType = sourcecode.c.h; path = SceneDelegate.h; sourceTree = "<group>"; };
		808D138A24BCDEC7000EF2E9 /* SceneDelegate.m */ = {isa = PBXFileReference; lastKnownFileType = sourcecode.c.objc; path = SceneDelegate.m; sourceTree = "<group>"; };
		808D139024BCDEC7000EF2E9 /* Base */ = {isa = PBXFileReference; lastKnownFileType = file.storyboard; name = Base; path = Base.lproj/Main.storyboard; sourceTree = "<group>"; };
		808D139224BCDEC7000EF2E9 /* Assets.xcassets */ = {isa = PBXFileReference; lastKnownFileType = folder.assetcatalog; path = Assets.xcassets; sourceTree = "<group>"; };
		808D139524BCDEC7000EF2E9 /* Base */ = {isa = PBXFileReference; lastKnownFileType = file.storyboard; name = Base; path = Base.lproj/LaunchScreen.storyboard; sourceTree = "<group>"; };
		808D139724BCDEC7000EF2E9 /* Info.plist */ = {isa = PBXFileReference; lastKnownFileType = text.plist.xml; path = Info.plist; sourceTree = "<group>"; };
		808D139824BCDEC7000EF2E9 /* main.m */ = {isa = PBXFileReference; lastKnownFileType = sourcecode.c.objc; path = main.m; sourceTree = "<group>"; };
		808D139E24BCDEC7000EF2E9 /* YellowHouseTests.xctest */ = {isa = PBXFileReference; explicitFileType = wrapper.cfbundle; includeInIndex = 0; path = YellowHouseTests.xctest; sourceTree = BUILT_PRODUCTS_DIR; };
		808D13A224BCDEC7000EF2E9 /* YellowHouseTests.m */ = {isa = PBXFileReference; lastKnownFileType = sourcecode.c.objc; path = YellowHouseTests.m; sourceTree = "<group>"; };
		808D13A424BCDEC7000EF2E9 /* Info.plist */ = {isa = PBXFileReference; lastKnownFileType = text.plist.xml; path = Info.plist; sourceTree = "<group>"; };
		808D13A924BCDEC7000EF2E9 /* YellowHouseUITests.xctest */ = {isa = PBXFileReference; explicitFileType = wrapper.cfbundle; includeInIndex = 0; path = YellowHouseUITests.xctest; sourceTree = BUILT_PRODUCTS_DIR; };
		808D13AD24BCDEC7000EF2E9 /* YellowHouseUITests.m */ = {isa = PBXFileReference; lastKnownFileType = sourcecode.c.objc; path = YellowHouseUITests.m; sourceTree = "<group>"; };
		808D13AF24BCDEC7000EF2E9 /* Info.plist */ = {isa = PBXFileReference; lastKnownFileType = text.plist.xml; path = Info.plist; sourceTree = "<group>"; };
		808D13BE24BCE3DF000EF2E9 /* LoginViewController.h */ = {isa = PBXFileReference; lastKnownFileType = sourcecode.c.h; path = LoginViewController.h; sourceTree = "<group>"; };
		808D13BF24BCE3DF000EF2E9 /* LoginViewController.m */ = {isa = PBXFileReference; lastKnownFileType = sourcecode.c.objc; path = LoginViewController.m; sourceTree = "<group>"; };
		808D13C124BCE3EE000EF2E9 /* SignUpViewController.h */ = {isa = PBXFileReference; lastKnownFileType = sourcecode.c.h; path = SignUpViewController.h; sourceTree = "<group>"; };
		808D13C224BCE3EE000EF2E9 /* SignUpViewController.m */ = {isa = PBXFileReference; lastKnownFileType = sourcecode.c.objc; path = SignUpViewController.m; sourceTree = "<group>"; };
		808D13C424BD010E000EF2E9 /* Utilities.h */ = {isa = PBXFileReference; lastKnownFileType = sourcecode.c.h; path = Utilities.h; sourceTree = "<group>"; };
		808D13C524BD010E000EF2E9 /* Utilities.m */ = {isa = PBXFileReference; lastKnownFileType = sourcecode.c.objc; path = Utilities.m; sourceTree = "<group>"; };
		808D13C724BD12F5000EF2E9 /* HomeFeedViewController.h */ = {isa = PBXFileReference; lastKnownFileType = sourcecode.c.h; path = HomeFeedViewController.h; sourceTree = "<group>"; };
		808D13C824BD12F5000EF2E9 /* HomeFeedViewController.m */ = {isa = PBXFileReference; lastKnownFileType = sourcecode.c.objc; path = HomeFeedViewController.m; sourceTree = "<group>"; };
		809881F824C796E100272950 /* MapKit.framework */ = {isa = PBXFileReference; lastKnownFileType = wrapper.framework; name = MapKit.framework; path = System/Library/Frameworks/MapKit.framework; sourceTree = SDKROOT; };
		809881FA24C7987A00272950 /* MapViewController.h */ = {isa = PBXFileReference; lastKnownFileType = sourcecode.c.h; path = MapViewController.h; sourceTree = "<group>"; };
		809881FB24C7987A00272950 /* MapViewController.m */ = {isa = PBXFileReference; lastKnownFileType = sourcecode.c.objc; path = MapViewController.m; sourceTree = "<group>"; };
		809881FD24C7A0AD00272950 /* LocationViewController.h */ = {isa = PBXFileReference; lastKnownFileType = sourcecode.c.h; path = LocationViewController.h; sourceTree = "<group>"; };
		809881FE24C7A0AD00272950 /* LocationViewController.m */ = {isa = PBXFileReference; lastKnownFileType = sourcecode.c.objc; path = LocationViewController.m; sourceTree = "<group>"; };
		8098820024C7A3DB00272950 /* LocationCell.h */ = {isa = PBXFileReference; lastKnownFileType = sourcecode.c.h; path = LocationCell.h; sourceTree = "<group>"; };
		8098820124C7A3DB00272950 /* LocationCell.m */ = {isa = PBXFileReference; lastKnownFileType = sourcecode.c.objc; path = LocationCell.m; sourceTree = "<group>"; };
		809E85E124C60C4200E06A47 /* PostDetailsViewController.h */ = {isa = PBXFileReference; lastKnownFileType = sourcecode.c.h; path = PostDetailsViewController.h; sourceTree = "<group>"; };
		809E85E224C60C4200E06A47 /* PostDetailsViewController.m */ = {isa = PBXFileReference; lastKnownFileType = sourcecode.c.objc; path = PostDetailsViewController.m; sourceTree = "<group>"; };
		80AEFF4124BF9FB300F25B4E /* SellPost.h */ = {isa = PBXFileReference; lastKnownFileType = sourcecode.c.h; path = SellPost.h; sourceTree = "<group>"; };
		80AEFF4224BF9FB300F25B4E /* SellPost.m */ = {isa = PBXFileReference; lastKnownFileType = sourcecode.c.objc; path = SellPost.m; sourceTree = "<group>"; };
		9D3824CD7D2AD90D3BB4AA8B /* Pods-YellowHouse.release.xcconfig */ = {isa = PBXFileReference; includeInIndex = 1; lastKnownFileType = text.xcconfig; name = "Pods-YellowHouse.release.xcconfig"; path = "Target Support Files/Pods-YellowHouse/Pods-YellowHouse.release.xcconfig"; sourceTree = "<group>"; };
		A81C93B2D96F8BA62285B961 /* Pods_YellowHouse_YellowHouseUITests.framework */ = {isa = PBXFileReference; explicitFileType = wrapper.framework; includeInIndex = 0; path = Pods_YellowHouse_YellowHouseUITests.framework; sourceTree = BUILT_PRODUCTS_DIR; };
		C7ED869714FDEE97EFDCEB90 /* Pods_YellowHouseTests.framework */ = {isa = PBXFileReference; explicitFileType = wrapper.framework; includeInIndex = 0; path = Pods_YellowHouseTests.framework; sourceTree = BUILT_PRODUCTS_DIR; };
		D0C85ADE457F125B7F935967 /* Pods-YellowHouse-YellowHouseUITests.release.xcconfig */ = {isa = PBXFileReference; includeInIndex = 1; lastKnownFileType = text.xcconfig; name = "Pods-YellowHouse-YellowHouseUITests.release.xcconfig"; path = "Target Support Files/Pods-YellowHouse-YellowHouseUITests/Pods-YellowHouse-YellowHouseUITests.release.xcconfig"; sourceTree = "<group>"; };
/* End PBXFileReference section */

/* Begin PBXFrameworksBuildPhase section */
		808D138024BCDEC7000EF2E9 /* Frameworks */ = {
			isa = PBXFrameworksBuildPhase;
			buildActionMask = 2147483647;
			files = (
				809881F924C796E100272950 /* MapKit.framework in Frameworks */,
				E0313B31E1B0F3BEC08CF78E /* Pods_YellowHouse.framework in Frameworks */,
			);
			runOnlyForDeploymentPostprocessing = 0;
		};
		808D139B24BCDEC7000EF2E9 /* Frameworks */ = {
			isa = PBXFrameworksBuildPhase;
			buildActionMask = 2147483647;
			files = (
				93BF1B6D9EB5A12EB85FF952 /* Pods_YellowHouseTests.framework in Frameworks */,
			);
			runOnlyForDeploymentPostprocessing = 0;
		};
		808D13A624BCDEC7000EF2E9 /* Frameworks */ = {
			isa = PBXFrameworksBuildPhase;
			buildActionMask = 2147483647;
			files = (
				46BD233FD8AEEB0881B33C45 /* Pods_YellowHouse_YellowHouseUITests.framework in Frameworks */,
			);
			runOnlyForDeploymentPostprocessing = 0;
		};
/* End PBXFrameworksBuildPhase section */

/* Begin PBXGroup section */
		4DE349B200FF50A7F969C006 /* Frameworks */ = {
			isa = PBXGroup;
			children = (
				809881F824C796E100272950 /* MapKit.framework */,
				09F047A70D899226A23A84E8 /* Pods_YellowHouse.framework */,
				A81C93B2D96F8BA62285B961 /* Pods_YellowHouse_YellowHouseUITests.framework */,
				C7ED869714FDEE97EFDCEB90 /* Pods_YellowHouseTests.framework */,
			);
			name = Frameworks;
			sourceTree = "<group>";
		};
		808D137A24BCDEC7000EF2E9 = {
			isa = PBXGroup;
			children = (
				808D13BD24BCE39E000EF2E9 /* Views */,
				808D13BC24BCE395000EF2E9 /* Models */,
				808D13BB24BCE380000EF2E9 /* ViewControllers */,
				808D138524BCDEC7000EF2E9 /* YellowHouse */,
				808D13A124BCDEC7000EF2E9 /* YellowHouseTests */,
				808D13AC24BCDEC7000EF2E9 /* YellowHouseUITests */,
				808D138424BCDEC7000EF2E9 /* Products */,
				8CB9A9FED910009439134F70 /* Pods */,
				4DE349B200FF50A7F969C006 /* Frameworks */,
			);
			sourceTree = "<group>";
		};
		808D138424BCDEC7000EF2E9 /* Products */ = {
			isa = PBXGroup;
			children = (
				808D138324BCDEC7000EF2E9 /* YellowHouse.app */,
				808D139E24BCDEC7000EF2E9 /* YellowHouseTests.xctest */,
				808D13A924BCDEC7000EF2E9 /* YellowHouseUITests.xctest */,
			);
			name = Products;
			sourceTree = "<group>";
		};
		808D138524BCDEC7000EF2E9 /* YellowHouse */ = {
			isa = PBXGroup;
			children = (
				808D138624BCDEC7000EF2E9 /* AppDelegate.h */,
				808D138724BCDEC7000EF2E9 /* AppDelegate.m */,
				808D138924BCDEC7000EF2E9 /* SceneDelegate.h */,
				808D138A24BCDEC7000EF2E9 /* SceneDelegate.m */,
				808D138F24BCDEC7000EF2E9 /* Main.storyboard */,
				808D139224BCDEC7000EF2E9 /* Assets.xcassets */,
				808D139424BCDEC7000EF2E9 /* LaunchScreen.storyboard */,
				808D139724BCDEC7000EF2E9 /* Info.plist */,
				808D139824BCDEC7000EF2E9 /* main.m */,
				808D13C424BD010E000EF2E9 /* Utilities.h */,
				808D13C524BD010E000EF2E9 /* Utilities.m */,
			);
			path = YellowHouse;
			sourceTree = "<group>";
		};
		808D13A124BCDEC7000EF2E9 /* YellowHouseTests */ = {
			isa = PBXGroup;
			children = (
				808D13A224BCDEC7000EF2E9 /* YellowHouseTests.m */,
				808D13A424BCDEC7000EF2E9 /* Info.plist */,
			);
			path = YellowHouseTests;
			sourceTree = "<group>";
		};
		808D13AC24BCDEC7000EF2E9 /* YellowHouseUITests */ = {
			isa = PBXGroup;
			children = (
				808D13AD24BCDEC7000EF2E9 /* YellowHouseUITests.m */,
				808D13AF24BCDEC7000EF2E9 /* Info.plist */,
			);
			path = YellowHouseUITests;
			sourceTree = "<group>";
		};
		808D13BB24BCE380000EF2E9 /* ViewControllers */ = {
			isa = PBXGroup;
			children = (
				808D13BE24BCE3DF000EF2E9 /* LoginViewController.h */,
				808D13BF24BCE3DF000EF2E9 /* LoginViewController.m */,
				808D13C124BCE3EE000EF2E9 /* SignUpViewController.h */,
				808D13C224BCE3EE000EF2E9 /* SignUpViewController.m */,
				808D13C724BD12F5000EF2E9 /* HomeFeedViewController.h */,
				808D13C824BD12F5000EF2E9 /* HomeFeedViewController.m */,
				8083221224BE299800734319 /* CreatePostViewController.h */,
				8083221324BE299800734319 /* CreatePostViewController.m */,
				802CA99F24C1018900C59ACC /* UserProfileViewController.h */,
				802CA9A024C1018900C59ACC /* UserProfileViewController.m */,
				802CA9A224C10A5900C59ACC /* SettingsViewController.h */,
				802CA9A324C10A5900C59ACC /* SettingsViewController.m */,
				80166EA524C2897000EDD732 /* AccountProfileViewController.h */,
				80166EA624C2897000EDD732 /* AccountProfileViewController.m */,
				809E85E124C60C4200E06A47 /* PostDetailsViewController.h */,
				809E85E224C60C4200E06A47 /* PostDetailsViewController.m */,
				809881FA24C7987A00272950 /* MapViewController.h */,
				809881FB24C7987A00272950 /* MapViewController.m */,
				809881FD24C7A0AD00272950 /* LocationViewController.h */,
				809881FE24C7A0AD00272950 /* LocationViewController.m */,
				801DF1C224CF445C000DB9AD /* DiscoverViewController.h */,
				801DF1C324CF445C000DB9AD /* DiscoverViewController.m */,
			);
			path = ViewControllers;
			sourceTree = "<group>";
		};
		808D13BC24BCE395000EF2E9 /* Models */ = {
			isa = PBXGroup;
			children = (
				8083221524BE37F200734319 /* Post.h */,
				8083221624BE37F200734319 /* Post.m */,
				80AEFF4124BF9FB300F25B4E /* SellPost.h */,
				80AEFF4224BF9FB300F25B4E /* SellPost.m */,
			);
			path = Models;
			sourceTree = "<group>";
		};
		808D13BD24BCE39E000EF2E9 /* Views */ = {
			isa = PBXGroup;
			children = (
				8083221824BE722600734319 /* PostCell.h */,
				8083221924BE722600734319 /* PostCell.m */,
				80166EA224C25F6B00EDD732 /* NoImagePostCell.h */,
				80166EA324C25F6B00EDD732 /* NoImagePostCell.m */,
				8098820024C7A3DB00272950 /* LocationCell.h */,
				8098820124C7A3DB00272950 /* LocationCell.m */,
				801DF1C524CF4A6C000DB9AD /* AccountCell.h */,
				801DF1C624CF4A6C000DB9AD /* AccountCell.m */,
			);
			path = Views;
			sourceTree = "<group>";
		};
		8CB9A9FED910009439134F70 /* Pods */ = {
			isa = PBXGroup;
			children = (
				4FB7B5AA6C5FDC09DF2DAFE3 /* Pods-YellowHouse.debug.xcconfig */,
				9D3824CD7D2AD90D3BB4AA8B /* Pods-YellowHouse.release.xcconfig */,
				571A268632196943F789506B /* Pods-YellowHouse-YellowHouseUITests.debug.xcconfig */,
				D0C85ADE457F125B7F935967 /* Pods-YellowHouse-YellowHouseUITests.release.xcconfig */,
				1533CC7DEF058A25E406AC39 /* Pods-YellowHouseTests.debug.xcconfig */,
				2D3D7C7884EAA23041A17731 /* Pods-YellowHouseTests.release.xcconfig */,
			);
			path = Pods;
			sourceTree = "<group>";
		};
/* End PBXGroup section */

/* Begin PBXNativeTarget section */
		808D138224BCDEC7000EF2E9 /* YellowHouse */ = {
			isa = PBXNativeTarget;
			buildConfigurationList = 808D13B224BCDEC7000EF2E9 /* Build configuration list for PBXNativeTarget "YellowHouse" */;
			buildPhases = (
				8862849D31607EDCA09665F8 /* [CP] Check Pods Manifest.lock */,
				808D137F24BCDEC7000EF2E9 /* Sources */,
				808D138024BCDEC7000EF2E9 /* Frameworks */,
				808D138124BCDEC7000EF2E9 /* Resources */,
				4588D17B9614EC54920364C6 /* [CP] Embed Pods Frameworks */,
			);
			buildRules = (
			);
			dependencies = (
			);
			name = YellowHouse;
			productName = YellowHouse;
			productReference = 808D138324BCDEC7000EF2E9 /* YellowHouse.app */;
			productType = "com.apple.product-type.application";
		};
		808D139D24BCDEC7000EF2E9 /* YellowHouseTests */ = {
			isa = PBXNativeTarget;
			buildConfigurationList = 808D13B524BCDEC7000EF2E9 /* Build configuration list for PBXNativeTarget "YellowHouseTests" */;
			buildPhases = (
				C916AB83A402C360B45DEBE8 /* [CP] Check Pods Manifest.lock */,
				808D139A24BCDEC7000EF2E9 /* Sources */,
				808D139B24BCDEC7000EF2E9 /* Frameworks */,
				808D139C24BCDEC7000EF2E9 /* Resources */,
			);
			buildRules = (
			);
			dependencies = (
				808D13A024BCDEC7000EF2E9 /* PBXTargetDependency */,
			);
			name = YellowHouseTests;
			productName = YellowHouseTests;
			productReference = 808D139E24BCDEC7000EF2E9 /* YellowHouseTests.xctest */;
			productType = "com.apple.product-type.bundle.unit-test";
		};
		808D13A824BCDEC7000EF2E9 /* YellowHouseUITests */ = {
			isa = PBXNativeTarget;
			buildConfigurationList = 808D13B824BCDEC7000EF2E9 /* Build configuration list for PBXNativeTarget "YellowHouseUITests" */;
			buildPhases = (
				5BFC20FB64C39F68F4BAAAFB /* [CP] Check Pods Manifest.lock */,
				808D13A524BCDEC7000EF2E9 /* Sources */,
				808D13A624BCDEC7000EF2E9 /* Frameworks */,
				808D13A724BCDEC7000EF2E9 /* Resources */,
				0EA854333643431C25B472F5 /* [CP] Embed Pods Frameworks */,
			);
			buildRules = (
			);
			dependencies = (
				808D13AB24BCDEC7000EF2E9 /* PBXTargetDependency */,
			);
			name = YellowHouseUITests;
			productName = YellowHouseUITests;
			productReference = 808D13A924BCDEC7000EF2E9 /* YellowHouseUITests.xctest */;
			productType = "com.apple.product-type.bundle.ui-testing";
		};
/* End PBXNativeTarget section */

/* Begin PBXProject section */
		808D137B24BCDEC7000EF2E9 /* Project object */ = {
			isa = PBXProject;
			attributes = {
				LastUpgradeCheck = 1150;
				ORGANIZATIONNAME = "Abdiel Cortes";
				TargetAttributes = {
					808D138224BCDEC7000EF2E9 = {
						CreatedOnToolsVersion = 11.5;
					};
					808D139D24BCDEC7000EF2E9 = {
						CreatedOnToolsVersion = 11.5;
						TestTargetID = 808D138224BCDEC7000EF2E9;
					};
					808D13A824BCDEC7000EF2E9 = {
						CreatedOnToolsVersion = 11.5;
						TestTargetID = 808D138224BCDEC7000EF2E9;
					};
				};
			};
			buildConfigurationList = 808D137E24BCDEC7000EF2E9 /* Build configuration list for PBXProject "YellowHouse" */;
			compatibilityVersion = "Xcode 9.3";
			developmentRegion = en;
			hasScannedForEncodings = 0;
			knownRegions = (
				en,
				Base,
			);
			mainGroup = 808D137A24BCDEC7000EF2E9;
			productRefGroup = 808D138424BCDEC7000EF2E9 /* Products */;
			projectDirPath = "";
			projectRoot = "";
			targets = (
				808D138224BCDEC7000EF2E9 /* YellowHouse */,
				808D139D24BCDEC7000EF2E9 /* YellowHouseTests */,
				808D13A824BCDEC7000EF2E9 /* YellowHouseUITests */,
			);
		};
/* End PBXProject section */

/* Begin PBXResourcesBuildPhase section */
		808D138124BCDEC7000EF2E9 /* Resources */ = {
			isa = PBXResourcesBuildPhase;
			buildActionMask = 2147483647;
			files = (
				808D139624BCDEC7000EF2E9 /* LaunchScreen.storyboard in Resources */,
				808D139324BCDEC7000EF2E9 /* Assets.xcassets in Resources */,
				808D139124BCDEC7000EF2E9 /* Main.storyboard in Resources */,
			);
			runOnlyForDeploymentPostprocessing = 0;
		};
		808D139C24BCDEC7000EF2E9 /* Resources */ = {
			isa = PBXResourcesBuildPhase;
			buildActionMask = 2147483647;
			files = (
			);
			runOnlyForDeploymentPostprocessing = 0;
		};
		808D13A724BCDEC7000EF2E9 /* Resources */ = {
			isa = PBXResourcesBuildPhase;
			buildActionMask = 2147483647;
			files = (
			);
			runOnlyForDeploymentPostprocessing = 0;
		};
/* End PBXResourcesBuildPhase section */

/* Begin PBXShellScriptBuildPhase section */
		0EA854333643431C25B472F5 /* [CP] Embed Pods Frameworks */ = {
			isa = PBXShellScriptBuildPhase;
			buildActionMask = 2147483647;
			files = (
			);
			inputFileListPaths = (
				"${PODS_ROOT}/Target Support Files/Pods-YellowHouse-YellowHouseUITests/Pods-YellowHouse-YellowHouseUITests-frameworks-${CONFIGURATION}-input-files.xcfilelist",
			);
			name = "[CP] Embed Pods Frameworks";
			outputFileListPaths = (
				"${PODS_ROOT}/Target Support Files/Pods-YellowHouse-YellowHouseUITests/Pods-YellowHouse-YellowHouseUITests-frameworks-${CONFIGURATION}-output-files.xcfilelist",
			);
			runOnlyForDeploymentPostprocessing = 0;
			shellPath = /bin/sh;
			shellScript = "\"${PODS_ROOT}/Target Support Files/Pods-YellowHouse-YellowHouseUITests/Pods-YellowHouse-YellowHouseUITests-frameworks.sh\"\n";
			showEnvVarsInLog = 0;
		};
		4588D17B9614EC54920364C6 /* [CP] Embed Pods Frameworks */ = {
			isa = PBXShellScriptBuildPhase;
			buildActionMask = 2147483647;
			files = (
			);
			inputFileListPaths = (
				"${PODS_ROOT}/Target Support Files/Pods-YellowHouse/Pods-YellowHouse-frameworks-${CONFIGURATION}-input-files.xcfilelist",
			);
			name = "[CP] Embed Pods Frameworks";
			outputFileListPaths = (
				"${PODS_ROOT}/Target Support Files/Pods-YellowHouse/Pods-YellowHouse-frameworks-${CONFIGURATION}-output-files.xcfilelist",
			);
			runOnlyForDeploymentPostprocessing = 0;
			shellPath = /bin/sh;
			shellScript = "\"${PODS_ROOT}/Target Support Files/Pods-YellowHouse/Pods-YellowHouse-frameworks.sh\"\n";
			showEnvVarsInLog = 0;
		};
		5BFC20FB64C39F68F4BAAAFB /* [CP] Check Pods Manifest.lock */ = {
			isa = PBXShellScriptBuildPhase;
			buildActionMask = 2147483647;
			files = (
			);
			inputFileListPaths = (
			);
			inputPaths = (
				"${PODS_PODFILE_DIR_PATH}/Podfile.lock",
				"${PODS_ROOT}/Manifest.lock",
			);
			name = "[CP] Check Pods Manifest.lock";
			outputFileListPaths = (
			);
			outputPaths = (
				"$(DERIVED_FILE_DIR)/Pods-YellowHouse-YellowHouseUITests-checkManifestLockResult.txt",
			);
			runOnlyForDeploymentPostprocessing = 0;
			shellPath = /bin/sh;
			shellScript = "diff \"${PODS_PODFILE_DIR_PATH}/Podfile.lock\" \"${PODS_ROOT}/Manifest.lock\" > /dev/null\nif [ $? != 0 ] ; then\n    # print error to STDERR\n    echo \"error: The sandbox is not in sync with the Podfile.lock. Run 'pod install' or update your CocoaPods installation.\" >&2\n    exit 1\nfi\n# This output is used by Xcode 'outputs' to avoid re-running this script phase.\necho \"SUCCESS\" > \"${SCRIPT_OUTPUT_FILE_0}\"\n";
			showEnvVarsInLog = 0;
		};
		8862849D31607EDCA09665F8 /* [CP] Check Pods Manifest.lock */ = {
			isa = PBXShellScriptBuildPhase;
			buildActionMask = 2147483647;
			files = (
			);
			inputFileListPaths = (
			);
			inputPaths = (
				"${PODS_PODFILE_DIR_PATH}/Podfile.lock",
				"${PODS_ROOT}/Manifest.lock",
			);
			name = "[CP] Check Pods Manifest.lock";
			outputFileListPaths = (
			);
			outputPaths = (
				"$(DERIVED_FILE_DIR)/Pods-YellowHouse-checkManifestLockResult.txt",
			);
			runOnlyForDeploymentPostprocessing = 0;
			shellPath = /bin/sh;
			shellScript = "diff \"${PODS_PODFILE_DIR_PATH}/Podfile.lock\" \"${PODS_ROOT}/Manifest.lock\" > /dev/null\nif [ $? != 0 ] ; then\n    # print error to STDERR\n    echo \"error: The sandbox is not in sync with the Podfile.lock. Run 'pod install' or update your CocoaPods installation.\" >&2\n    exit 1\nfi\n# This output is used by Xcode 'outputs' to avoid re-running this script phase.\necho \"SUCCESS\" > \"${SCRIPT_OUTPUT_FILE_0}\"\n";
			showEnvVarsInLog = 0;
		};
		C916AB83A402C360B45DEBE8 /* [CP] Check Pods Manifest.lock */ = {
			isa = PBXShellScriptBuildPhase;
			buildActionMask = 2147483647;
			files = (
			);
			inputFileListPaths = (
			);
			inputPaths = (
				"${PODS_PODFILE_DIR_PATH}/Podfile.lock",
				"${PODS_ROOT}/Manifest.lock",
			);
			name = "[CP] Check Pods Manifest.lock";
			outputFileListPaths = (
			);
			outputPaths = (
				"$(DERIVED_FILE_DIR)/Pods-YellowHouseTests-checkManifestLockResult.txt",
			);
			runOnlyForDeploymentPostprocessing = 0;
			shellPath = /bin/sh;
			shellScript = "diff \"${PODS_PODFILE_DIR_PATH}/Podfile.lock\" \"${PODS_ROOT}/Manifest.lock\" > /dev/null\nif [ $? != 0 ] ; then\n    # print error to STDERR\n    echo \"error: The sandbox is not in sync with the Podfile.lock. Run 'pod install' or update your CocoaPods installation.\" >&2\n    exit 1\nfi\n# This output is used by Xcode 'outputs' to avoid re-running this script phase.\necho \"SUCCESS\" > \"${SCRIPT_OUTPUT_FILE_0}\"\n";
			showEnvVarsInLog = 0;
		};
/* End PBXShellScriptBuildPhase section */

/* Begin PBXSourcesBuildPhase section */
		808D137F24BCDEC7000EF2E9 /* Sources */ = {
			isa = PBXSourcesBuildPhase;
			buildActionMask = 2147483647;
			files = (
				8098820224C7A3DB00272950 /* LocationCell.m in Sources */,
				808D13C624BD010E000EF2E9 /* Utilities.m in Sources */,
				809881FF24C7A0AD00272950 /* LocationViewController.m in Sources */,
				809E85E324C60C4200E06A47 /* PostDetailsViewController.m in Sources */,
				808D13C024BCE3DF000EF2E9 /* LoginViewController.m in Sources */,
				801DF1C724CF4A6C000DB9AD /* AccountCell.m in Sources */,
				801DF1C424CF445C000DB9AD /* DiscoverViewController.m in Sources */,
				80AEFF4324BF9FB300F25B4E /* SellPost.m in Sources */,
				808D13C924BD12F5000EF2E9 /* HomeFeedViewController.m in Sources */,
				80166EA724C2897000EDD732 /* AccountProfileViewController.m in Sources */,
				808D13C324BCE3EE000EF2E9 /* SignUpViewController.m in Sources */,
				8083221724BE37F200734319 /* Post.m in Sources */,
				808D138824BCDEC7000EF2E9 /* AppDelegate.m in Sources */,
				808D139924BCDEC7000EF2E9 /* main.m in Sources */,
				8083221424BE299800734319 /* CreatePostViewController.m in Sources */,
				802CA9A124C1018900C59ACC /* UserProfileViewController.m in Sources */,
				808D138B24BCDEC7000EF2E9 /* SceneDelegate.m in Sources */,
				8083221A24BE722600734319 /* PostCell.m in Sources */,
				80166EA424C25F6B00EDD732 /* NoImagePostCell.m in Sources */,
				809881FC24C7987A00272950 /* MapViewController.m in Sources */,
				802CA9A424C10A5900C59ACC /* SettingsViewController.m in Sources */,
			);
			runOnlyForDeploymentPostprocessing = 0;
		};
		808D139A24BCDEC7000EF2E9 /* Sources */ = {
			isa = PBXSourcesBuildPhase;
			buildActionMask = 2147483647;
			files = (
				808D13A324BCDEC7000EF2E9 /* YellowHouseTests.m in Sources */,
			);
			runOnlyForDeploymentPostprocessing = 0;
		};
		808D13A524BCDEC7000EF2E9 /* Sources */ = {
			isa = PBXSourcesBuildPhase;
			buildActionMask = 2147483647;
			files = (
				808D13AE24BCDEC7000EF2E9 /* YellowHouseUITests.m in Sources */,
			);
			runOnlyForDeploymentPostprocessing = 0;
		};
/* End PBXSourcesBuildPhase section */

/* Begin PBXTargetDependency section */
		808D13A024BCDEC7000EF2E9 /* PBXTargetDependency */ = {
			isa = PBXTargetDependency;
			target = 808D138224BCDEC7000EF2E9 /* YellowHouse */;
			targetProxy = 808D139F24BCDEC7000EF2E9 /* PBXContainerItemProxy */;
		};
		808D13AB24BCDEC7000EF2E9 /* PBXTargetDependency */ = {
			isa = PBXTargetDependency;
			target = 808D138224BCDEC7000EF2E9 /* YellowHouse */;
			targetProxy = 808D13AA24BCDEC7000EF2E9 /* PBXContainerItemProxy */;
		};
/* End PBXTargetDependency section */

/* Begin PBXVariantGroup section */
		808D138F24BCDEC7000EF2E9 /* Main.storyboard */ = {
			isa = PBXVariantGroup;
			children = (
				808D139024BCDEC7000EF2E9 /* Base */,
			);
			name = Main.storyboard;
			sourceTree = "<group>";
		};
		808D139424BCDEC7000EF2E9 /* LaunchScreen.storyboard */ = {
			isa = PBXVariantGroup;
			children = (
				808D139524BCDEC7000EF2E9 /* Base */,
			);
			name = LaunchScreen.storyboard;
			sourceTree = "<group>";
		};
/* End PBXVariantGroup section */

/* Begin XCBuildConfiguration section */
		808D13B024BCDEC7000EF2E9 /* Debug */ = {
			isa = XCBuildConfiguration;
			buildSettings = {
				ALWAYS_SEARCH_USER_PATHS = NO;
				CLANG_ANALYZER_NONNULL = YES;
				CLANG_ANALYZER_NUMBER_OBJECT_CONVERSION = YES_AGGRESSIVE;
				CLANG_CXX_LANGUAGE_STANDARD = "gnu++14";
				CLANG_CXX_LIBRARY = "libc++";
				CLANG_ENABLE_MODULES = YES;
				CLANG_ENABLE_OBJC_ARC = YES;
				CLANG_ENABLE_OBJC_WEAK = YES;
				CLANG_WARN_BLOCK_CAPTURE_AUTORELEASING = YES;
				CLANG_WARN_BOOL_CONVERSION = YES;
				CLANG_WARN_COMMA = YES;
				CLANG_WARN_CONSTANT_CONVERSION = YES;
				CLANG_WARN_DEPRECATED_OBJC_IMPLEMENTATIONS = YES;
				CLANG_WARN_DIRECT_OBJC_ISA_USAGE = YES_ERROR;
				CLANG_WARN_DOCUMENTATION_COMMENTS = YES;
				CLANG_WARN_EMPTY_BODY = YES;
				CLANG_WARN_ENUM_CONVERSION = YES;
				CLANG_WARN_INFINITE_RECURSION = YES;
				CLANG_WARN_INT_CONVERSION = YES;
				CLANG_WARN_NON_LITERAL_NULL_CONVERSION = YES;
				CLANG_WARN_OBJC_IMPLICIT_RETAIN_SELF = YES;
				CLANG_WARN_OBJC_LITERAL_CONVERSION = YES;
				CLANG_WARN_OBJC_ROOT_CLASS = YES_ERROR;
				CLANG_WARN_RANGE_LOOP_ANALYSIS = YES;
				CLANG_WARN_STRICT_PROTOTYPES = YES;
				CLANG_WARN_SUSPICIOUS_MOVE = YES;
				CLANG_WARN_UNGUARDED_AVAILABILITY = YES_AGGRESSIVE;
				CLANG_WARN_UNREACHABLE_CODE = YES;
				CLANG_WARN__DUPLICATE_METHOD_MATCH = YES;
				COPY_PHASE_STRIP = NO;
				DEBUG_INFORMATION_FORMAT = dwarf;
				ENABLE_STRICT_OBJC_MSGSEND = YES;
				ENABLE_TESTABILITY = YES;
				GCC_C_LANGUAGE_STANDARD = gnu11;
				GCC_DYNAMIC_NO_PIC = NO;
				GCC_NO_COMMON_BLOCKS = YES;
				GCC_OPTIMIZATION_LEVEL = 0;
				GCC_PREPROCESSOR_DEFINITIONS = (
					"DEBUG=1",
					"$(inherited)",
				);
				GCC_WARN_64_TO_32_BIT_CONVERSION = YES;
				GCC_WARN_ABOUT_RETURN_TYPE = YES_ERROR;
				GCC_WARN_UNDECLARED_SELECTOR = YES;
				GCC_WARN_UNINITIALIZED_AUTOS = YES_AGGRESSIVE;
				GCC_WARN_UNUSED_FUNCTION = YES;
				GCC_WARN_UNUSED_VARIABLE = YES;
				IPHONEOS_DEPLOYMENT_TARGET = 13.5;
				MTL_ENABLE_DEBUG_INFO = INCLUDE_SOURCE;
				MTL_FAST_MATH = YES;
				ONLY_ACTIVE_ARCH = YES;
				SDKROOT = iphoneos;
			};
			name = Debug;
		};
		808D13B124BCDEC7000EF2E9 /* Release */ = {
			isa = XCBuildConfiguration;
			buildSettings = {
				ALWAYS_SEARCH_USER_PATHS = NO;
				CLANG_ANALYZER_NONNULL = YES;
				CLANG_ANALYZER_NUMBER_OBJECT_CONVERSION = YES_AGGRESSIVE;
				CLANG_CXX_LANGUAGE_STANDARD = "gnu++14";
				CLANG_CXX_LIBRARY = "libc++";
				CLANG_ENABLE_MODULES = YES;
				CLANG_ENABLE_OBJC_ARC = YES;
				CLANG_ENABLE_OBJC_WEAK = YES;
				CLANG_WARN_BLOCK_CAPTURE_AUTORELEASING = YES;
				CLANG_WARN_BOOL_CONVERSION = YES;
				CLANG_WARN_COMMA = YES;
				CLANG_WARN_CONSTANT_CONVERSION = YES;
				CLANG_WARN_DEPRECATED_OBJC_IMPLEMENTATIONS = YES;
				CLANG_WARN_DIRECT_OBJC_ISA_USAGE = YES_ERROR;
				CLANG_WARN_DOCUMENTATION_COMMENTS = YES;
				CLANG_WARN_EMPTY_BODY = YES;
				CLANG_WARN_ENUM_CONVERSION = YES;
				CLANG_WARN_INFINITE_RECURSION = YES;
				CLANG_WARN_INT_CONVERSION = YES;
				CLANG_WARN_NON_LITERAL_NULL_CONVERSION = YES;
				CLANG_WARN_OBJC_IMPLICIT_RETAIN_SELF = YES;
				CLANG_WARN_OBJC_LITERAL_CONVERSION = YES;
				CLANG_WARN_OBJC_ROOT_CLASS = YES_ERROR;
				CLANG_WARN_RANGE_LOOP_ANALYSIS = YES;
				CLANG_WARN_STRICT_PROTOTYPES = YES;
				CLANG_WARN_SUSPICIOUS_MOVE = YES;
				CLANG_WARN_UNGUARDED_AVAILABILITY = YES_AGGRESSIVE;
				CLANG_WARN_UNREACHABLE_CODE = YES;
				CLANG_WARN__DUPLICATE_METHOD_MATCH = YES;
				COPY_PHASE_STRIP = NO;
				DEBUG_INFORMATION_FORMAT = "dwarf-with-dsym";
				ENABLE_NS_ASSERTIONS = NO;
				ENABLE_STRICT_OBJC_MSGSEND = YES;
				GCC_C_LANGUAGE_STANDARD = gnu11;
				GCC_NO_COMMON_BLOCKS = YES;
				GCC_WARN_64_TO_32_BIT_CONVERSION = YES;
				GCC_WARN_ABOUT_RETURN_TYPE = YES_ERROR;
				GCC_WARN_UNDECLARED_SELECTOR = YES;
				GCC_WARN_UNINITIALIZED_AUTOS = YES_AGGRESSIVE;
				GCC_WARN_UNUSED_FUNCTION = YES;
				GCC_WARN_UNUSED_VARIABLE = YES;
				IPHONEOS_DEPLOYMENT_TARGET = 13.5;
				MTL_ENABLE_DEBUG_INFO = NO;
				MTL_FAST_MATH = YES;
				SDKROOT = iphoneos;
				VALIDATE_PRODUCT = YES;
			};
			name = Release;
		};
		808D13B324BCDEC7000EF2E9 /* Debug */ = {
			isa = XCBuildConfiguration;
			baseConfigurationReference = 4FB7B5AA6C5FDC09DF2DAFE3 /* Pods-YellowHouse.debug.xcconfig */;
			buildSettings = {
				ASSETCATALOG_COMPILER_APPICON_NAME = AppIcon;
				CODE_SIGN_STYLE = Automatic;
				DEVELOPMENT_TEAM = BTGPD3VWP5;
				INFOPLIST_FILE = YellowHouse/Info.plist;
				LD_RUNPATH_SEARCH_PATHS = (
					"$(inherited)",
					"@executable_path/Frameworks",
				);
				PRODUCT_BUNDLE_IDENTIFIER = com.zurken.YellowHouse;
				PRODUCT_NAME = "$(TARGET_NAME)";
				TARGETED_DEVICE_FAMILY = "1,2";
			};
			name = Debug;
		};
		808D13B424BCDEC7000EF2E9 /* Release */ = {
			isa = XCBuildConfiguration;
			baseConfigurationReference = 9D3824CD7D2AD90D3BB4AA8B /* Pods-YellowHouse.release.xcconfig */;
			buildSettings = {
				ASSETCATALOG_COMPILER_APPICON_NAME = AppIcon;
				CODE_SIGN_STYLE = Automatic;
				DEVELOPMENT_TEAM = BTGPD3VWP5;
				INFOPLIST_FILE = YellowHouse/Info.plist;
				LD_RUNPATH_SEARCH_PATHS = (
					"$(inherited)",
					"@executable_path/Frameworks",
				);
				PRODUCT_BUNDLE_IDENTIFIER = com.zurken.YellowHouse;
				PRODUCT_NAME = "$(TARGET_NAME)";
				TARGETED_DEVICE_FAMILY = "1,2";
			};
			name = Release;
		};
		808D13B624BCDEC7000EF2E9 /* Debug */ = {
			isa = XCBuildConfiguration;
			baseConfigurationReference = 1533CC7DEF058A25E406AC39 /* Pods-YellowHouseTests.debug.xcconfig */;
			buildSettings = {
				BUNDLE_LOADER = "$(TEST_HOST)";
				CODE_SIGN_STYLE = Automatic;
				INFOPLIST_FILE = YellowHouseTests/Info.plist;
				IPHONEOS_DEPLOYMENT_TARGET = 13.5;
				LD_RUNPATH_SEARCH_PATHS = (
					"$(inherited)",
					"@executable_path/Frameworks",
					"@loader_path/Frameworks",
				);
				PRODUCT_BUNDLE_IDENTIFIER = com.zurken.YellowHouseTests;
				PRODUCT_NAME = "$(TARGET_NAME)";
				TARGETED_DEVICE_FAMILY = "1,2";
				TEST_HOST = "$(BUILT_PRODUCTS_DIR)/YellowHouse.app/YellowHouse";
			};
			name = Debug;
		};
		808D13B724BCDEC7000EF2E9 /* Release */ = {
			isa = XCBuildConfiguration;
			baseConfigurationReference = 2D3D7C7884EAA23041A17731 /* Pods-YellowHouseTests.release.xcconfig */;
			buildSettings = {
				BUNDLE_LOADER = "$(TEST_HOST)";
				CODE_SIGN_STYLE = Automatic;
				INFOPLIST_FILE = YellowHouseTests/Info.plist;
				IPHONEOS_DEPLOYMENT_TARGET = 13.5;
				LD_RUNPATH_SEARCH_PATHS = (
					"$(inherited)",
					"@executable_path/Frameworks",
					"@loader_path/Frameworks",
				);
				PRODUCT_BUNDLE_IDENTIFIER = com.zurken.YellowHouseTests;
				PRODUCT_NAME = "$(TARGET_NAME)";
				TARGETED_DEVICE_FAMILY = "1,2";
				TEST_HOST = "$(BUILT_PRODUCTS_DIR)/YellowHouse.app/YellowHouse";
			};
			name = Release;
		};
		808D13B924BCDEC7000EF2E9 /* Debug */ = {
			isa = XCBuildConfiguration;
			baseConfigurationReference = 571A268632196943F789506B /* Pods-YellowHouse-YellowHouseUITests.debug.xcconfig */;
			buildSettings = {
				CODE_SIGN_STYLE = Automatic;
				INFOPLIST_FILE = YellowHouseUITests/Info.plist;
				LD_RUNPATH_SEARCH_PATHS = (
					"$(inherited)",
					"@executable_path/Frameworks",
					"@loader_path/Frameworks",
				);
				PRODUCT_BUNDLE_IDENTIFIER = com.zurken.YellowHouseUITests;
				PRODUCT_NAME = "$(TARGET_NAME)";
				TARGETED_DEVICE_FAMILY = "1,2";
				TEST_TARGET_NAME = YellowHouse;
			};
			name = Debug;
		};
		808D13BA24BCDEC7000EF2E9 /* Release */ = {
			isa = XCBuildConfiguration;
			baseConfigurationReference = D0C85ADE457F125B7F935967 /* Pods-YellowHouse-YellowHouseUITests.release.xcconfig */;
			buildSettings = {
				CODE_SIGN_STYLE = Automatic;
				INFOPLIST_FILE = YellowHouseUITests/Info.plist;
				LD_RUNPATH_SEARCH_PATHS = (
					"$(inherited)",
					"@executable_path/Frameworks",
					"@loader_path/Frameworks",
				);
				PRODUCT_BUNDLE_IDENTIFIER = com.zurken.YellowHouseUITests;
				PRODUCT_NAME = "$(TARGET_NAME)";
				TARGETED_DEVICE_FAMILY = "1,2";
				TEST_TARGET_NAME = YellowHouse;
			};
			name = Release;
		};
/* End XCBuildConfiguration section */

/* Begin XCConfigurationList section */
		808D137E24BCDEC7000EF2E9 /* Build configuration list for PBXProject "YellowHouse" */ = {
			isa = XCConfigurationList;
			buildConfigurations = (
				808D13B024BCDEC7000EF2E9 /* Debug */,
				808D13B124BCDEC7000EF2E9 /* Release */,
			);
			defaultConfigurationIsVisible = 0;
			defaultConfigurationName = Release;
		};
		808D13B224BCDEC7000EF2E9 /* Build configuration list for PBXNativeTarget "YellowHouse" */ = {
			isa = XCConfigurationList;
			buildConfigurations = (
				808D13B324BCDEC7000EF2E9 /* Debug */,
				808D13B424BCDEC7000EF2E9 /* Release */,
			);
			defaultConfigurationIsVisible = 0;
			defaultConfigurationName = Release;
		};
		808D13B524BCDEC7000EF2E9 /* Build configuration list for PBXNativeTarget "YellowHouseTests" */ = {
			isa = XCConfigurationList;
			buildConfigurations = (
				808D13B624BCDEC7000EF2E9 /* Debug */,
				808D13B724BCDEC7000EF2E9 /* Release */,
			);
			defaultConfigurationIsVisible = 0;
			defaultConfigurationName = Release;
		};
		808D13B824BCDEC7000EF2E9 /* Build configuration list for PBXNativeTarget "YellowHouseUITests" */ = {
			isa = XCConfigurationList;
			buildConfigurations = (
				808D13B924BCDEC7000EF2E9 /* Debug */,
				808D13BA24BCDEC7000EF2E9 /* Release */,
			);
			defaultConfigurationIsVisible = 0;
			defaultConfigurationName = Release;
		};
/* End XCConfigurationList section */
	};
	rootObject = 808D137B24BCDEC7000EF2E9 /* Project object */;
}
